
Microsoft Visual Studio Solution File, Format Version 12.00
# Visual Studio Version 17
VisualStudioVersion = 17.4.33103.184
MinimumVisualStudioVersion = 10.0.40219.1
Project("{FAE04EC0-301F-11D3-BF4B-00C04F79EFBC}") = "ejer", "ejer\ejer.csproj", "{A5DE7E0A-87A5-4F2C-BDE0-FA6F564E369B}"
EndProject
Project("{FAE04EC0-301F-11D3-BF4B-00C04F79EFBC}") = "ejr", "ejr\ejr.csproj", "{565897CD-C195-4478-8027-50D34EC4E3C7}"
EndProject
Global
	GlobalSection(SolutionConfigurationPlatforms) = preSolution
		Debug|Any CPU = Debug|Any CPU
		Release|Any CPU = Release|Any CPU
	EndGlobalSection
	GlobalSection(ProjectConfigurationPlatforms) = postSolution
		{A5DE7E0A-87A5-4F2C-BDE0-FA6F564E369B}.Debug|Any CPU.ActiveCfg = Debug|Any CPU
		{A5DE7E0A-87A5-4F2C-BDE0-FA6F564E369B}.Debug|Any CPU.Build.0 = Debug|Any CPU
		{A5DE7E0A-87A5-4F2C-BDE0-FA6F564E369B}.Release|Any CPU.ActiveCfg = Release|Any CPU
		{A5DE7E0A-87A5-4F2C-BDE0-FA6F564E369B}.Release|Any CPU.Build.0 = Release|Any CPU
		{565897CD-C195-4478-8027-50D34EC4E3C7}.Debug|Any CPU.ActiveCfg = Debug|Any CPU
		{565897CD-C195-4478-8027-50D34EC4E3C7}.Debug|Any CPU.Build.0 = Debug|Any CPU
		{565897CD-C195-4478-8027-50D34EC4E3C7}.Release|Any CPU.ActiveCfg = Release|Any CPU
		{565897CD-C195-4478-8027-50D34EC4E3C7}.Release|Any CPU.Build.0 = Release|Any CPU
	EndGlobalSection
	GlobalSection(SolutionProperties) = preSolution
		HideSolutionNode = FALSE
	EndGlobalSection
	GlobalSection(ExtensibilityGlobals) = postSolution
		SolutionGuid = {A0BAD167-5F55-4D7C-90B5-CC510178B15A}
	EndGlobalSection
EndGlobal
